
Microsoft Visual Studio Solution File, Format Version 12.00
Project("{FAE04EC0-301F-11D3-BF4B-00C04F79EFBC}") = "WA.Games.UnitTests", "WA.Games.UnitTests\WA.Games.UnitTests.csproj", "{B8AE792B-00CC-435C-B947-43583FF62944}"
EndProject
Global
	GlobalSection(SolutionConfigurationPlatforms) = preSolution
		Debug|Any CPU = Debug|Any CPU
		Release|Any CPU = Release|Any CPU
	EndGlobalSection
	GlobalSection(ProjectConfigurationPlatforms) = postSolution
		{B8AE792B-00CC-435C-B947-43583FF62944}.Debug|Any CPU.ActiveCfg = Debug|Any CPU
		{B8AE792B-00CC-435C-B947-43583FF62944}.Debug|Any CPU.Build.0 = Debug|Any CPU
		{B8AE792B-00CC-435C-B947-43583FF62944}.Release|Any CPU.ActiveCfg = Release|Any CPU
		{B8AE792B-00CC-435C-B947-43583FF62944}.Release|Any CPU.Build.0 = Release|Any CPU
	EndGlobalSection
EndGlobal
